
Microsoft Visual Studio Solution File, Format Version 12.00
# Visual Studio 15
VisualStudioVersion = 15.0.27703.2047
MinimumVisualStudioVersion = 10.0.40219.1
Project("{FAE04EC0-301F-11D3-BF4B-00C04F79EFBC}") = "VoiceSystem", "VoiceSystem\VoiceSystem.csproj", "{E23CB2D8-0933-49DA-A5A0-6DF8EDD05A4B}"
EndProject
Global
	GlobalSection(SolutionConfigurationPlatforms) = preSolution
		Debug|Any CPU = Debug|Any CPU
		Release|Any CPU = Release|Any CPU
	EndGlobalSection
	GlobalSection(ProjectConfigurationPlatforms) = postSolution
		{E23CB2D8-0933-49DA-A5A0-6DF8EDD05A4B}.Debug|Any CPU.ActiveCfg = Debug|Any CPU
		{E23CB2D8-0933-49DA-A5A0-6DF8EDD05A4B}.Debug|Any CPU.Build.0 = Debug|Any CPU
		{E23CB2D8-0933-49DA-A5A0-6DF8EDD05A4B}.Release|Any CPU.ActiveCfg = Release|Any CPU
		{E23CB2D8-0933-49DA-A5A0-6DF8EDD05A4B}.Release|Any CPU.Build.0 = Release|Any CPU
	EndGlobalSection
	GlobalSection(SolutionProperties) = preSolution
		HideSolutionNode = FALSE
	EndGlobalSection
	GlobalSection(ExtensibilityGlobals) = postSolution
		SolutionGuid = {D5CE26BA-C172-4D2D-8525-8A95F68EE609}
	EndGlobalSection
EndGlobal
